
Microsoft Visual Studio Solution File, Format Version 12.00
# Visual Studio 15
VisualStudioVersion = 15.0.27703.2047
MinimumVisualStudioVersion = 10.0.40219.1
Project("{FAE04EC0-301F-11D3-BF4B-00C04F79EFBC}") = "FactoryMethod", "FactoryMethod.csproj", "{5C8F7275-46B4-4937-98B5-ABC286235795}"
EndProject
Global
	GlobalSection(SolutionConfigurationPlatforms) = preSolution
		Debug|x86 = Debug|x86
		Release|x86 = Release|x86
	EndGlobalSection
	GlobalSection(ProjectConfigurationPlatforms) = postSolution
		{5C8F7275-46B4-4937-98B5-ABC286235795}.Debug|x86.ActiveCfg = Debug|x86
		{5C8F7275-46B4-4937-98B5-ABC286235795}.Debug|x86.Build.0 = Debug|x86
		{5C8F7275-46B4-4937-98B5-ABC286235795}.Release|x86.ActiveCfg = Release|x86
		{5C8F7275-46B4-4937-98B5-ABC286235795}.Release|x86.Build.0 = Release|x86
	EndGlobalSection
	GlobalSection(SolutionProperties) = preSolution
		HideSolutionNode = FALSE
	EndGlobalSection
	GlobalSection(ExtensibilityGlobals) = postSolution
		SolutionGuid = {149C4E1C-7D34-4678-AE39-42AC857E6635}
	EndGlobalSection
EndGlobal
