
Microsoft Visual Studio Solution File, Format Version 11.00
# Visual Studio 2010
Project("{FAE04EC0-301F-11D3-BF4B-00C04F79EFBC}") = "SimpleFactory", "SimpleFactory\SimpleFactory.csproj", "{85D8AEFA-17AB-4DDB-8D33-F3D9AC7B5BAB}"
EndProject
Project("{FAE04EC0-301F-11D3-BF4B-00C04F79EFBC}") = "AbstractFactory", "AbstractFactory\AbstractFactory.csproj", "{61B99931-C17C-4373-8C6A-818A20840110}"
EndProject
Project("{FAE04EC0-301F-11D3-BF4B-00C04F79EFBC}") = "FactoryMethod", "FactoryMethod\FactoryMethod.csproj", "{5C8F7275-46B4-4937-98B5-ABC286235795}"
EndProject
Project("{FAE04EC0-301F-11D3-BF4B-00C04F79EFBC}") = "Singleton", "Singleton\Singleton.csproj", "{315E5913-F1FE-42C2-8DDE-970A3CCAA596}"
EndProject
Project("{FAE04EC0-301F-11D3-BF4B-00C04F79EFBC}") = "Strategy", "Strategy\Strategy.csproj", "{2EAE8523-2F8D-4131-8421-A7C60332205C}"
EndProject
Project("{FAE04EC0-301F-11D3-BF4B-00C04F79EFBC}") = "Decorator", "Decorator\Decorator.csproj", "{FF6A8BFB-1441-40AC-95E2-0EBC8E1A5275}"
EndProject
Project("{FAE04EC0-301F-11D3-BF4B-00C04F79EFBC}") = "Builder", "Builder\Builder.csproj", "{AFD5788C-E924-4E64-AE9B-A011534716B6}"
EndProject
Project("{FAE04EC0-301F-11D3-BF4B-00C04F79EFBC}") = "Observer", "Observer\Observer.csproj", "{7B59FAED-47C7-467E-A1AC-42DC55D645E0}"
EndProject
Project("{FAE04EC0-301F-11D3-BF4B-00C04F79EFBC}") = "Adapter", "Adapter\Adapter.csproj", "{FABC942F-0705-4281-B57C-DF901C2FF25A}"
EndProject
Project("{FAE04EC0-301F-11D3-BF4B-00C04F79EFBC}") = "Facade", "Facade\Facade.csproj", "{9E17375F-108D-4F06-BE42-7AC0FC3D18EC}"
EndProject
Project("{FAE04EC0-301F-11D3-BF4B-00C04F79EFBC}") = "Prototype", "Prototype\Prototype.csproj", "{1DD1E1FC-21A3-45CE-B476-82C37E450DE0}"
EndProject
Project("{FAE04EC0-301F-11D3-BF4B-00C04F79EFBC}") = "Mediator", "Mediator\Mediator.csproj", "{5866DA12-D8C6-4726-B6FB-D30078AEA961}"
EndProject
Project("{FAE04EC0-301F-11D3-BF4B-00C04F79EFBC}") = "Bridge", "Bridge\Bridge.csproj", "{5BD2FBC6-BCCC-4949-8DC3-F62A08FDD930}"
EndProject
Project("{FAE04EC0-301F-11D3-BF4B-00C04F79EFBC}") = "Composite", "Composite\Composite.csproj", "{1172EDCB-A76C-4E38-BC4B-3292077254C9}"
EndProject
Project("{FAE04EC0-301F-11D3-BF4B-00C04F79EFBC}") = "Visitor", "Visitor\Visitor.csproj", "{171E1AF1-68B1-41B5-9040-6CFEE2800335}"
EndProject
Project("{FAE04EC0-301F-11D3-BF4B-00C04F79EFBC}") = "Proxy", "Proxy\Proxy.csproj", "{E1122A28-9B3F-4A46-B041-FBA17970E4D5}"
EndProject
Project("{2150E333-8FDC-42A3-9474-1A3956D46DE8}") = "实例088  果园种植水果--简单工厂模式", "实例088  果园种植水果--简单工厂模式", "{442B367A-82AC-4304-BC9F-DB9D880159CF}"
EndProject
Project("{2150E333-8FDC-42A3-9474-1A3956D46DE8}") = "实例089  果园引进新品种--工厂方法模式", "实例089  果园引进新品种--工厂方法模式", "{9E1901BE-732A-4ADF-B32D-4B2EDB90E5EE}"
EndProject
Project("{2150E333-8FDC-42A3-9474-1A3956D46DE8}") = "实例090  开辟新的果园--抽象工厂模式", "实例090  开辟新的果园--抽象工厂模式", "{AC200809-8715-4682-944E-0F870FAA919C}"
EndProject
Project("{2150E333-8FDC-42A3-9474-1A3956D46DE8}") = "实例091  建造不同的果园--建造者模式", "实例091  建造不同的果园--建造者模式", "{735A49BD-10F3-49F8-AEDD-0ECCA845643D}"
EndProject
Project("{2150E333-8FDC-42A3-9474-1A3956D46DE8}") = "实例092  建造同样的果园--原型模式", "实例092  建造同样的果园--原型模式", "{769A4FF5-2FAF-4383-A172-5B370D2AA51E}"
EndProject
Project("{2150E333-8FDC-42A3-9474-1A3956D46DE8}") = "实例093  果园喷洒杀虫剂--单例模式", "实例093  果园喷洒杀虫剂--单例模式", "{7224FC74-E694-47CA-B032-9963CC3C6C0D}"
EndProject
Project("{2150E333-8FDC-42A3-9474-1A3956D46DE8}") = "实例094  种植不同种类的水果--外观模式", "实例094  种植不同种类的水果--外观模式", "{E900A447-70F1-46B8-A6FE-994F0E57189D}"
EndProject
Project("{2150E333-8FDC-42A3-9474-1A3956D46DE8}") = "实例095  果园改变种植方式--适配器模式", "实例095  果园改变种植方式--适配器模式", "{70FF9AEB-C6C5-4A8F-A596-693790E091F3}"
EndProject
Project("{2150E333-8FDC-42A3-9474-1A3956D46DE8}") = "实例096  果园改进种植方法--装饰者模式", "实例096  果园改进种植方法--装饰者模式", "{77F4FE2A-BBD5-4935-A95C-696713AD1CB0}"
EndProject
Project("{2150E333-8FDC-42A3-9474-1A3956D46DE8}") = "实例097  水果的销售--代理模式", "实例097  水果的销售--代理模式", "{D2734A4B-0F6A-4F0F-A136-61CED30002A3}"
EndProject
Project("{2150E333-8FDC-42A3-9474-1A3956D46DE8}") = "实例098  果园实现统一的种植方法--桥接模式", "实例098  果园实现统一的种植方法--桥接模式", "{C42ECD1F-CC94-475B-87E5-F7A7CC1411CE}"
EndProject
Project("{2150E333-8FDC-42A3-9474-1A3956D46DE8}") = "实例099  水果的分级采摘和销售--组合模式", "实例099  水果的分级采摘和销售--组合模式", "{6B0871CC-8918-4B7E-8EF8-D14B1440A228}"
EndProject
Project("{2150E333-8FDC-42A3-9474-1A3956D46DE8}") = "实例100  不断更新的种植方法--策略模式", "实例100  不断更新的种植方法--策略模式", "{6B756B24-9969-4A99-A57C-9913B9D3C02A}"
EndProject
Project("{2150E333-8FDC-42A3-9474-1A3956D46DE8}") = "实例101  果园的监控--观察者模式", "实例101  果园的监控--观察者模式", "{89E2C0B5-7C76-4E49-82D1-75B436C29B9B}"
EndProject
Project("{2150E333-8FDC-42A3-9474-1A3956D46DE8}") = "实例102  果园之间互换水果品种--中介者模式", "实例102  果园之间互换水果品种--中介者模式", "{0EE2041D-8D08-40F6-A7A9-599E02AF66AA}"
EndProject
Project("{2150E333-8FDC-42A3-9474-1A3956D46DE8}") = "实例103  果农培育果树--访问者模式", "实例103  果农培育果树--访问者模式", "{2E68E4CC-2203-4675-A410-4A16C28894DD}"
EndProject
Global
	GlobalSection(SolutionConfigurationPlatforms) = preSolution
		Debug|x86 = Debug|x86
		Release|x86 = Release|x86
	EndGlobalSection
	GlobalSection(ProjectConfigurationPlatforms) = postSolution
		{85D8AEFA-17AB-4DDB-8D33-F3D9AC7B5BAB}.Debug|x86.ActiveCfg = Debug|x86
		{85D8AEFA-17AB-4DDB-8D33-F3D9AC7B5BAB}.Debug|x86.Build.0 = Debug|x86
		{85D8AEFA-17AB-4DDB-8D33-F3D9AC7B5BAB}.Release|x86.ActiveCfg = Release|x86
		{85D8AEFA-17AB-4DDB-8D33-F3D9AC7B5BAB}.Release|x86.Build.0 = Release|x86
		{61B99931-C17C-4373-8C6A-818A20840110}.Debug|x86.ActiveCfg = Debug|x86
		{61B99931-C17C-4373-8C6A-818A20840110}.Debug|x86.Build.0 = Debug|x86
		{61B99931-C17C-4373-8C6A-818A20840110}.Release|x86.ActiveCfg = Release|x86
		{61B99931-C17C-4373-8C6A-818A20840110}.Release|x86.Build.0 = Release|x86
		{5C8F7275-46B4-4937-98B5-ABC286235795}.Debug|x86.ActiveCfg = Debug|x86
		{5C8F7275-46B4-4937-98B5-ABC286235795}.Debug|x86.Build.0 = Debug|x86
		{5C8F7275-46B4-4937-98B5-ABC286235795}.Release|x86.ActiveCfg = Release|x86
		{5C8F7275-46B4-4937-98B5-ABC286235795}.Release|x86.Build.0 = Release|x86
		{315E5913-F1FE-42C2-8DDE-970A3CCAA596}.Debug|x86.ActiveCfg = Debug|x86
		{315E5913-F1FE-42C2-8DDE-970A3CCAA596}.Debug|x86.Build.0 = Debug|x86
		{315E5913-F1FE-42C2-8DDE-970A3CCAA596}.Release|x86.ActiveCfg = Release|x86
		{315E5913-F1FE-42C2-8DDE-970A3CCAA596}.Release|x86.Build.0 = Release|x86
		{2EAE8523-2F8D-4131-8421-A7C60332205C}.Debug|x86.ActiveCfg = Debug|x86
		{2EAE8523-2F8D-4131-8421-A7C60332205C}.Debug|x86.Build.0 = Debug|x86
		{2EAE8523-2F8D-4131-8421-A7C60332205C}.Release|x86.ActiveCfg = Release|x86
		{2EAE8523-2F8D-4131-8421-A7C60332205C}.Release|x86.Build.0 = Release|x86
		{FF6A8BFB-1441-40AC-95E2-0EBC8E1A5275}.Debug|x86.ActiveCfg = Debug|x86
		{FF6A8BFB-1441-40AC-95E2-0EBC8E1A5275}.Debug|x86.Build.0 = Debug|x86
		{FF6A8BFB-1441-40AC-95E2-0EBC8E1A5275}.Release|x86.ActiveCfg = Release|x86
		{FF6A8BFB-1441-40AC-95E2-0EBC8E1A5275}.Release|x86.Build.0 = Release|x86
		{AFD5788C-E924-4E64-AE9B-A011534716B6}.Debug|x86.ActiveCfg = Debug|x86
		{AFD5788C-E924-4E64-AE9B-A011534716B6}.Debug|x86.Build.0 = Debug|x86
		{AFD5788C-E924-4E64-AE9B-A011534716B6}.Release|x86.ActiveCfg = Release|x86
		{AFD5788C-E924-4E64-AE9B-A011534716B6}.Release|x86.Build.0 = Release|x86
		{7B59FAED-47C7-467E-A1AC-42DC55D645E0}.Debug|x86.ActiveCfg = Debug|x86
		{7B59FAED-47C7-467E-A1AC-42DC55D645E0}.Debug|x86.Build.0 = Debug|x86
		{7B59FAED-47C7-467E-A1AC-42DC55D645E0}.Release|x86.ActiveCfg = Release|x86
		{7B59FAED-47C7-467E-A1AC-42DC55D645E0}.Release|x86.Build.0 = Release|x86
		{FABC942F-0705-4281-B57C-DF901C2FF25A}.Debug|x86.ActiveCfg = Debug|x86
		{FABC942F-0705-4281-B57C-DF901C2FF25A}.Debug|x86.Build.0 = Debug|x86
		{FABC942F-0705-4281-B57C-DF901C2FF25A}.Release|x86.ActiveCfg = Release|x86
		{FABC942F-0705-4281-B57C-DF901C2FF25A}.Release|x86.Build.0 = Release|x86
		{9E17375F-108D-4F06-BE42-7AC0FC3D18EC}.Debug|x86.ActiveCfg = Debug|x86
		{9E17375F-108D-4F06-BE42-7AC0FC3D18EC}.Debug|x86.Build.0 = Debug|x86
		{9E17375F-108D-4F06-BE42-7AC0FC3D18EC}.Release|x86.ActiveCfg = Release|x86
		{9E17375F-108D-4F06-BE42-7AC0FC3D18EC}.Release|x86.Build.0 = Release|x86
		{1DD1E1FC-21A3-45CE-B476-82C37E450DE0}.Debug|x86.ActiveCfg = Debug|x86
		{1DD1E1FC-21A3-45CE-B476-82C37E450DE0}.Debug|x86.Build.0 = Debug|x86
		{1DD1E1FC-21A3-45CE-B476-82C37E450DE0}.Release|x86.ActiveCfg = Release|x86
		{1DD1E1FC-21A3-45CE-B476-82C37E450DE0}.Release|x86.Build.0 = Release|x86
		{5866DA12-D8C6-4726-B6FB-D30078AEA961}.Debug|x86.ActiveCfg = Debug|x86
		{5866DA12-D8C6-4726-B6FB-D30078AEA961}.Debug|x86.Build.0 = Debug|x86
		{5866DA12-D8C6-4726-B6FB-D30078AEA961}.Release|x86.ActiveCfg = Release|x86
		{5866DA12-D8C6-4726-B6FB-D30078AEA961}.Release|x86.Build.0 = Release|x86
		{5BD2FBC6-BCCC-4949-8DC3-F62A08FDD930}.Debug|x86.ActiveCfg = Debug|x86
		{5BD2FBC6-BCCC-4949-8DC3-F62A08FDD930}.Debug|x86.Build.0 = Debug|x86
		{5BD2FBC6-BCCC-4949-8DC3-F62A08FDD930}.Release|x86.ActiveCfg = Release|x86
		{5BD2FBC6-BCCC-4949-8DC3-F62A08FDD930}.Release|x86.Build.0 = Release|x86
		{1172EDCB-A76C-4E38-BC4B-3292077254C9}.Debug|x86.ActiveCfg = Debug|x86
		{1172EDCB-A76C-4E38-BC4B-3292077254C9}.Debug|x86.Build.0 = Debug|x86
		{1172EDCB-A76C-4E38-BC4B-3292077254C9}.Release|x86.ActiveCfg = Release|x86
		{1172EDCB-A76C-4E38-BC4B-3292077254C9}.Release|x86.Build.0 = Release|x86
		{171E1AF1-68B1-41B5-9040-6CFEE2800335}.Debug|x86.ActiveCfg = Debug|x86
		{171E1AF1-68B1-41B5-9040-6CFEE2800335}.Debug|x86.Build.0 = Debug|x86
		{171E1AF1-68B1-41B5-9040-6CFEE2800335}.Release|x86.ActiveCfg = Release|x86
		{171E1AF1-68B1-41B5-9040-6CFEE2800335}.Release|x86.Build.0 = Release|x86
		{E1122A28-9B3F-4A46-B041-FBA17970E4D5}.Debug|x86.ActiveCfg = Debug|x86
		{E1122A28-9B3F-4A46-B041-FBA17970E4D5}.Debug|x86.Build.0 = Debug|x86
		{E1122A28-9B3F-4A46-B041-FBA17970E4D5}.Release|x86.ActiveCfg = Release|x86
		{E1122A28-9B3F-4A46-B041-FBA17970E4D5}.Release|x86.Build.0 = Release|x86
	EndGlobalSection
	GlobalSection(SolutionProperties) = preSolution
		HideSolutionNode = FALSE
	EndGlobalSection
	GlobalSection(NestedProjects) = preSolution
		{85D8AEFA-17AB-4DDB-8D33-F3D9AC7B5BAB} = {442B367A-82AC-4304-BC9F-DB9D880159CF}
		{5C8F7275-46B4-4937-98B5-ABC286235795} = {9E1901BE-732A-4ADF-B32D-4B2EDB90E5EE}
		{61B99931-C17C-4373-8C6A-818A20840110} = {AC200809-8715-4682-944E-0F870FAA919C}
		{AFD5788C-E924-4E64-AE9B-A011534716B6} = {735A49BD-10F3-49F8-AEDD-0ECCA845643D}
		{1DD1E1FC-21A3-45CE-B476-82C37E450DE0} = {769A4FF5-2FAF-4383-A172-5B370D2AA51E}
		{315E5913-F1FE-42C2-8DDE-970A3CCAA596} = {7224FC74-E694-47CA-B032-9963CC3C6C0D}
		{9E17375F-108D-4F06-BE42-7AC0FC3D18EC} = {E900A447-70F1-46B8-A6FE-994F0E57189D}
		{FABC942F-0705-4281-B57C-DF901C2FF25A} = {70FF9AEB-C6C5-4A8F-A596-693790E091F3}
		{FF6A8BFB-1441-40AC-95E2-0EBC8E1A5275} = {77F4FE2A-BBD5-4935-A95C-696713AD1CB0}
		{E1122A28-9B3F-4A46-B041-FBA17970E4D5} = {D2734A4B-0F6A-4F0F-A136-61CED30002A3}
		{5BD2FBC6-BCCC-4949-8DC3-F62A08FDD930} = {C42ECD1F-CC94-475B-87E5-F7A7CC1411CE}
		{1172EDCB-A76C-4E38-BC4B-3292077254C9} = {6B0871CC-8918-4B7E-8EF8-D14B1440A228}
		{2EAE8523-2F8D-4131-8421-A7C60332205C} = {6B756B24-9969-4A99-A57C-9913B9D3C02A}
		{7B59FAED-47C7-467E-A1AC-42DC55D645E0} = {89E2C0B5-7C76-4E49-82D1-75B436C29B9B}
		{5866DA12-D8C6-4726-B6FB-D30078AEA961} = {0EE2041D-8D08-40F6-A7A9-599E02AF66AA}
		{171E1AF1-68B1-41B5-9040-6CFEE2800335} = {2E68E4CC-2203-4675-A410-4A16C28894DD}
	EndGlobalSection
EndGlobal
