
Microsoft Visual Studio Solution File, Format Version 12.00
# Visual Studio 15
VisualStudioVersion = 15.0.27703.2047
MinimumVisualStudioVersion = 10.0.40219.1
Project("{FAE04EC0-301F-11D3-BF4B-00C04F79EFBC}") = "Proxy", "Proxy.csproj", "{E1122A28-9B3F-4A46-B041-FBA17970E4D5}"
EndProject
Global
	GlobalSection(SolutionConfigurationPlatforms) = preSolution
		Debug|x86 = Debug|x86
		Release|x86 = Release|x86
	EndGlobalSection
	GlobalSection(ProjectConfigurationPlatforms) = postSolution
		{E1122A28-9B3F-4A46-B041-FBA17970E4D5}.Debug|x86.ActiveCfg = Debug|x86
		{E1122A28-9B3F-4A46-B041-FBA17970E4D5}.Debug|x86.Build.0 = Debug|x86
		{E1122A28-9B3F-4A46-B041-FBA17970E4D5}.Release|x86.ActiveCfg = Release|x86
		{E1122A28-9B3F-4A46-B041-FBA17970E4D5}.Release|x86.Build.0 = Release|x86
	EndGlobalSection
	GlobalSection(SolutionProperties) = preSolution
		HideSolutionNode = FALSE
	EndGlobalSection
	GlobalSection(ExtensibilityGlobals) = postSolution
		SolutionGuid = {C736971F-4424-41F1-A63B-B8D7C3DEE964}
	EndGlobalSection
EndGlobal
